
Microsoft Visual Studio Solution File, Format Version 12.00
# Visual Studio Version 16
VisualStudioVersion = 16.0.31205.134
MinimumVisualStudioVersion = 10.0.40219.1
Project("{FAE04EC0-301F-11D3-BF4B-00C04F79EFBC}") = "SQL Challenges", "SQL Challenges\SQL Challenges.csproj", "{84DDABA0-8DC7-479E-9D98-3ECD9992D6DA}"
EndProject
Global
	GlobalSection(SolutionConfigurationPlatforms) = preSolution
		Debug|Any CPU = Debug|Any CPU
		Release|Any CPU = Release|Any CPU
	EndGlobalSection
	GlobalSection(ProjectConfigurationPlatforms) = postSolution
		{84DDABA0-8DC7-479E-9D98-3ECD9992D6DA}.Debug|Any CPU.ActiveCfg = Debug|Any CPU
		{84DDABA0-8DC7-479E-9D98-3ECD9992D6DA}.Debug|Any CPU.Build.0 = Debug|Any CPU
		{84DDABA0-8DC7-479E-9D98-3ECD9992D6DA}.Release|Any CPU.ActiveCfg = Release|Any CPU
		{84DDABA0-8DC7-479E-9D98-3ECD9992D6DA}.Release|Any CPU.Build.0 = Release|Any CPU
	EndGlobalSection
	GlobalSection(SolutionProperties) = preSolution
		HideSolutionNode = FALSE
	EndGlobalSection
	GlobalSection(ExtensibilityGlobals) = postSolution
		SolutionGuid = {DB17D8BF-4B71-4912-A6BE-D43802020807}
	EndGlobalSection
EndGlobal
